
Microsoft Visual Studio Solution File, Format Version 12.00
# Visual Studio Version 17
VisualStudioVersion = 17.1.32328.378
MinimumVisualStudioVersion = 10.0.40219.1
Project("{FAE04EC0-301F-11D3-BF4B-00C04F79EFBC}") = "SEMANA7VK.Android", "SEMANA7VK.Android\SEMANA7VK.Android.csproj", "{91D9A689-B590-45A3-B962-BD018DA1CB40}"
EndProject
Project("{FAE04EC0-301F-11D3-BF4B-00C04F79EFBC}") = "SEMANA7VK.iOS", "SEMANA7VK.iOS\SEMANA7VK.iOS.csproj", "{FC305661-E480-4683-BC60-6F5385DD25B2}"
EndProject
Project("{FAE04EC0-301F-11D3-BF4B-00C04F79EFBC}") = "SEMANA7VK", "SEMANA7VK\SEMANA7VK.csproj", "{45972EA9-BDE1-4F86-8746-A36334BA0F06}"
EndProject
Global
	GlobalSection(SolutionConfigurationPlatforms) = preSolution
		Debug|Any CPU = Debug|Any CPU
		Debug|iPhone = Debug|iPhone
		Debug|iPhoneSimulator = Debug|iPhoneSimulator
		Release|Any CPU = Release|Any CPU
		Release|iPhone = Release|iPhone
		Release|iPhoneSimulator = Release|iPhoneSimulator
	EndGlobalSection
	GlobalSection(ProjectConfigurationPlatforms) = postSolution
		{91D9A689-B590-45A3-B962-BD018DA1CB40}.Debug|Any CPU.ActiveCfg = Debug|Any CPU
		{91D9A689-B590-45A3-B962-BD018DA1CB40}.Debug|Any CPU.Build.0 = Debug|Any CPU
		{91D9A689-B590-45A3-B962-BD018DA1CB40}.Debug|Any CPU.Deploy.0 = Debug|Any CPU
		{91D9A689-B590-45A3-B962-BD018DA1CB40}.Debug|iPhone.ActiveCfg = Debug|Any CPU
		{91D9A689-B590-45A3-B962-BD018DA1CB40}.Debug|iPhone.Build.0 = Debug|Any CPU
		{91D9A689-B590-45A3-B962-BD018DA1CB40}.Debug|iPhone.Deploy.0 = Debug|Any CPU
		{91D9A689-B590-45A3-B962-BD018DA1CB40}.Debug|iPhoneSimulator.ActiveCfg = Debug|Any CPU
		{91D9A689-B590-45A3-B962-BD018DA1CB40}.Debug|iPhoneSimulator.Build.0 = Debug|Any CPU
		{91D9A689-B590-45A3-B962-BD018DA1CB40}.Debug|iPhoneSimulator.Deploy.0 = Debug|Any CPU
		{91D9A689-B590-45A3-B962-BD018DA1CB40}.Release|Any CPU.ActiveCfg = Release|Any CPU
		{91D9A689-B590-45A3-B962-BD018DA1CB40}.Release|Any CPU.Build.0 = Release|Any CPU
		{91D9A689-B590-45A3-B962-BD018DA1CB40}.Release|Any CPU.Deploy.0 = Release|Any CPU
		{91D9A689-B590-45A3-B962-BD018DA1CB40}.Release|iPhone.ActiveCfg = Release|Any CPU
		{91D9A689-B590-45A3-B962-BD018DA1CB40}.Release|iPhone.Build.0 = Release|Any CPU
		{91D9A689-B590-45A3-B962-BD018DA1CB40}.Release|iPhone.Deploy.0 = Release|Any CPU
		{91D9A689-B590-45A3-B962-BD018DA1CB40}.Release|iPhoneSimulator.ActiveCfg = Release|Any CPU
		{91D9A689-B590-45A3-B962-BD018DA1CB40}.Release|iPhoneSimulator.Build.0 = Release|Any CPU
		{91D9A689-B590-45A3-B962-BD018DA1CB40}.Release|iPhoneSimulator.Deploy.0 = Release|Any CPU
		{FC305661-E480-4683-BC60-6F5385DD25B2}.Debug|Any CPU.ActiveCfg = Debug|iPhone
		{FC305661-E480-4683-BC60-6F5385DD25B2}.Debug|Any CPU.Build.0 = Debug|iPhone
		{FC305661-E480-4683-BC60-6F5385DD25B2}.Debug|Any CPU.Deploy.0 = Debug|iPhone
		{FC305661-E480-4683-BC60-6F5385DD25B2}.Debug|iPhone.ActiveCfg = Debug|iPhone
		{FC305661-E480-4683-BC60-6F5385DD25B2}.Debug|iPhone.Build.0 = Debug|iPhone
		{FC305661-E480-4683-BC60-6F5385DD25B2}.Debug|iPhone.Deploy.0 = Debug|iPhone
		{FC305661-E480-4683-BC60-6F5385DD25B2}.Debug|iPhoneSimulator.ActiveCfg = Debug|iPhoneSimulator
		{FC305661-E480-4683-BC60-6F5385DD25B2}.Debug|iPhoneSimulator.Build.0 = Debug|iPhoneSimulator
		{FC305661-E480-4683-BC60-6F5385DD25B2}.Debug|iPhoneSimulator.Deploy.0 = Debug|iPhoneSimulator
		{FC305661-E480-4683-BC60-6F5385DD25B2}.Release|Any CPU.ActiveCfg = Release|iPhoneSimulator
		{FC305661-E480-4683-BC60-6F5385DD25B2}.Release|Any CPU.Build.0 = Release|iPhoneSimulator
		{FC305661-E480-4683-BC60-6F5385DD25B2}.Release|Any CPU.Deploy.0 = Release|iPhoneSimulator
		{FC305661-E480-4683-BC60-6F5385DD25B2}.Release|iPhone.ActiveCfg = Release|iPhone
		{FC305661-E480-4683-BC60-6F5385DD25B2}.Release|iPhone.Build.0 = Release|iPhone
		{FC305661-E480-4683-BC60-6F5385DD25B2}.Release|iPhone.Deploy.0 = Release|iPhone
		{FC305661-E480-4683-BC60-6F5385DD25B2}.Release|iPhoneSimulator.ActiveCfg = Release|iPhoneSimulator
		{FC305661-E480-4683-BC60-6F5385DD25B2}.Release|iPhoneSimulator.Build.0 = Release|iPhoneSimulator
		{FC305661-E480-4683-BC60-6F5385DD25B2}.Release|iPhoneSimulator.Deploy.0 = Release|iPhoneSimulator
		{45972EA9-BDE1-4F86-8746-A36334BA0F06}.Debug|Any CPU.ActiveCfg = Debug|Any CPU
		{45972EA9-BDE1-4F86-8746-A36334BA0F06}.Debug|Any CPU.Build.0 = Debug|Any CPU
		{45972EA9-BDE1-4F86-8746-A36334BA0F06}.Debug|Any CPU.Deploy.0 = Debug|Any CPU
		{45972EA9-BDE1-4F86-8746-A36334BA0F06}.Debug|iPhone.ActiveCfg = Debug|Any CPU
		{45972EA9-BDE1-4F86-8746-A36334BA0F06}.Debug|iPhone.Build.0 = Debug|Any CPU
		{45972EA9-BDE1-4F86-8746-A36334BA0F06}.Debug|iPhone.Deploy.0 = Debug|Any CPU
		{45972EA9-BDE1-4F86-8746-A36334BA0F06}.Debug|iPhoneSimulator.ActiveCfg = Debug|Any CPU
		{45972EA9-BDE1-4F86-8746-A36334BA0F06}.Debug|iPhoneSimulator.Build.0 = Debug|Any CPU
		{45972EA9-BDE1-4F86-8746-A36334BA0F06}.Debug|iPhoneSimulator.Deploy.0 = Debug|Any CPU
		{45972EA9-BDE1-4F86-8746-A36334BA0F06}.Release|Any CPU.ActiveCfg = Release|Any CPU
		{45972EA9-BDE1-4F86-8746-A36334BA0F06}.Release|Any CPU.Build.0 = Release|Any CPU
		{45972EA9-BDE1-4F86-8746-A36334BA0F06}.Release|Any CPU.Deploy.0 = Release|Any CPU
		{45972EA9-BDE1-4F86-8746-A36334BA0F06}.Release|iPhone.ActiveCfg = Release|Any CPU
		{45972EA9-BDE1-4F86-8746-A36334BA0F06}.Release|iPhone.Build.0 = Release|Any CPU
		{45972EA9-BDE1-4F86-8746-A36334BA0F06}.Release|iPhone.Deploy.0 = Release|Any CPU
		{45972EA9-BDE1-4F86-8746-A36334BA0F06}.Release|iPhoneSimulator.ActiveCfg = Release|Any CPU
		{45972EA9-BDE1-4F86-8746-A36334BA0F06}.Release|iPhoneSimulator.Build.0 = Release|Any CPU
		{45972EA9-BDE1-4F86-8746-A36334BA0F06}.Release|iPhoneSimulator.Deploy.0 = Release|Any CPU
	EndGlobalSection
	GlobalSection(SolutionProperties) = preSolution
		HideSolutionNode = FALSE
	EndGlobalSection
	GlobalSection(ExtensibilityGlobals) = postSolution
		SolutionGuid = {423ABD06-BA85-4C6F-B1D7-DA4E4589EA6D}
	EndGlobalSection
EndGlobal
